{
  "upstream": "github:davidvornholt/standards",
  "sha": "a3d13bfd8d33df09acc2b1d1b97889184e44f2d5",
  "files": {
    ".agents/skills/database/agents/openai.yaml": "4c9f47df24219d5b195c88eef374431f64b453ed1ba057f50d4c11e4549343c1",
    ".agents/skills/database/SKILL.md": "f3fe75b2f5aab696630a72e4ffd562100686e9db62be0a4cb317f4140c2af8da",
    ".agents/skills/frontend-design/LICENSE.txt": "0d542e0c8804e39aa7f37eb00da5a762149dc682d7829451287e11b938e94594",
    ".agents/skills/frontend-design/SKILL.md": "b81e2ff87ed8fa4d6c377ccb127a7254c9e6a77e3ae94f21e6b514f7bb2945a0",
    ".agents/skills/git-commit/SKILL.md": "b079e93c303e482ead80f6967e042db35697bf7a94ff8880fcf27b9a9e04397b",
    ".agents/skills/github-actions/agents/openai.yaml": "3e16e49eff2810336fbce00a930aa15b7ab5ec0b1984c7b4d57729fc3ab347d0",
    ".agents/skills/github-actions/SKILL.md": "94876543fea3a227146abdd3450edc06163bed1761aa7dfde6026ad4cf975e88",
    ".agents/skills/review-loop/SKILL.md": "08b8207f5fd16138116915a49d0fb48756eb61fbb0ea396cafeadda955ec5417",
    ".agents/skills/review/SKILL.md": "84943d62671462b033df0a7c655b11d29030a415c51f1ed80b294fad4a8e6294",
    ".agents/skills/standards-sync/agents/openai.yaml": "84f4b663179146d6f5af15110970dcc66f344c4d08cbaa84b6f680988ead65e1",
    ".agents/skills/standards-sync/SKILL.md": "7af270a08ec503fa2e4b61434284a9449dcb5f4800dceac3f87db98a4d18978c",
    ".agents/skills/vibe-designing/agents/openai.yaml": "9ba6a28274a5baff3bbd14ccf16220243f705c95fca402af4fa15456c5f2132b",
    ".agents/skills/vibe-designing/references/phase-1.md": "87dac6780752f6cdda5883c4bd1b8133d19ab3f1ed14c14e88c16d6dc5351520",
    ".agents/skills/vibe-designing/references/phase-2.md": "9b451c26acfcfbf05e3c9626a6b9a0fd3bad10ddad402b10bf73205c72c1f187",
    ".agents/skills/vibe-designing/references/phase-3.md": "6d1a3999580cdd2272bf73a73fd0f7e531103b8c43caad6e174b60d8245eee71",
    ".agents/skills/vibe-designing/references/styles/editorial.md": "7fd40bb8f68e48487c9ae927cfc9e814802b7da661cda37bc4261bd3e557eeee",
    ".agents/skills/vibe-designing/SKILL.md": "ae44d6fd08b984f531698ca529219678add77aba7ad899eef4c6d168c6d50fea",
    ".github/workflows/standards-sync.yml": "da83c271552199d02783fc30d129a571ead5a0d3d718a30963b1faba105a6afe",
    ".github/workflows/standards.yml": "fed76777d0308b4b2ef51650a3f1b995ac6756d627e3a2a446e1af646c253b39",
    "AGENTS.md": "b0239f9777863233c262d4103c89872c62ca5661f59f9ba8d75b81187c289138",
    "biome.base.jsonc": "ff1d52c2c28bcb1ac85fa5e16dc16b932fa7f8b35320d00e7b55d03634612c33",
    "CLAUDE.md": "336cc4fbf19beaada7ccf9986414fa91851a8d7a07dfb3ccbe800a69eed0ab49",
    "packages/a11y-testing/package.json": "a409cafe54148ea4b9c96ee4f1e8eaffbf5dd4c22db4e7c46f38a59499d1a5f2",
    "packages/a11y-testing/README.md": "1af1a64871ba5843c6c1a95945dbb982662aa140171e7199ae4aab30aebd51dc",
    "packages/a11y-testing/src/axe.ts": "fc38934542c1c7e5a18542725f881e63f5ea7f2c51de8a092ce39e16c87c8c21",
    "packages/a11y-testing/src/playwright-config.test.ts": "62f67cce7871f5be5f084e11b2b6a9733cfce064a3d2f82495c6c9653e4436c0",
    "packages/a11y-testing/src/playwright-config.ts": "f552e2b6fe0702a9ba33a4f28afa36dd159ad85c9fea505c85d7e923927ee9c6",
    "packages/a11y-testing/tsconfig.json": "78e96c84b88e74d1831fef46c6a33f5d0de72035c6d82f7ea160cbe73718cf29",
    "packages/typescript-config/base.json": "f1b0c9514018f127d44a0704c95a09432b98b40bb870216a9139fa9a0783f36e",
    "packages/typescript-config/base.test.ts": "51c619e48bc470f0923ca3d39ccb03d8940ef36f22d5fbe56b403aeee26e3728",
    "packages/typescript-config/next.json": "ec79fbd3cd2f82ead753a4752b14cb761e33408df2288a6c1be7c13f701e2a84",
    "packages/typescript-config/package.json": "512d710faf75f140e0111475c74a4589ffd52f53be89e00c359966a8872ba124",
    "packages/typescript-config/react-library.json": "0f363bb90f560d98dce4ac7d6032ba852515b7e426a7ff913e0868b77232e195",
    "packages/typescript-config/README.md": "ffd46925c5c2145247f4fac72adc5c1153930b3bd33a6dbb9d1b2d3c22432f3b",
    "packages/typescript-config/tsconfig.json": "9ba40a1b20b3a3bfea4e4a97e2228ce8ae017393e20e7b906ffe41d35ed83c0d",
    "scripts/sync-standards.test.ts": "d37e0900064db82818837672816e1bd7c6d12850651df94266add5191e45cc67",
    "scripts/sync-standards.ts": "07418be722817d875bcd184fd92bd7d0f5989882f36d0a4c6ce4762fd57d5e54",
    "standards.just": "145172becdd85f9830e37d279cee62b751f1279176a77e26ff43312505e188f7",
    "sync-standards.json": "3dab7c54429d0e49b7657bd0bcf53f2adcec9e5ba829503db3e87a8ccd8f927c"
  }
}
